
Microsoft Visual Studio Solution File, Format Version 12.00
# Visual Studio Version 17
VisualStudioVersion = 17.4.33205.214
MinimumVisualStudioVersion = 10.0.40219.1
Project("{FAE04EC0-301F-11D3-BF4B-00C04F79EFBC}") = "WarehouseMngr", "WarehouseMngr.csproj", "{855AE3CB-853A-42F3-86CA-E481C7A4F3EB}"
EndProject
Global
	GlobalSection(SolutionConfigurationPlatforms) = preSolution
		Debug|Any CPU = Debug|Any CPU
		Release|Any CPU = Release|Any CPU
	EndGlobalSection
	GlobalSection(ProjectConfigurationPlatforms) = postSolution
		{855AE3CB-853A-42F3-86CA-E481C7A4F3EB}.Debug|Any CPU.ActiveCfg = Debug|Any CPU
		{855AE3CB-853A-42F3-86CA-E481C7A4F3EB}.Debug|Any CPU.Build.0 = Debug|Any CPU
		{855AE3CB-853A-42F3-86CA-E481C7A4F3EB}.Release|Any CPU.ActiveCfg = Release|Any CPU
		{855AE3CB-853A-42F3-86CA-E481C7A4F3EB}.Release|Any CPU.Build.0 = Release|Any CPU
	EndGlobalSection
	GlobalSection(SolutionProperties) = preSolution
		HideSolutionNode = FALSE
	EndGlobalSection
	GlobalSection(ExtensibilityGlobals) = postSolution
		SolutionGuid = {2610CF9D-B1EC-445C-974F-7A02E58B4EF1}
	EndGlobalSection
EndGlobal
